// !$*UTF8*$!
{
	archiveVersion = 1;
	classes = {
	};
	objectVersion = 50;
	objects = {

/* Begin PBXBuildFile section */
		2C812A23247E18C3000AC073 /* AddHabitViewController.swift in Sources */ = {isa = PBXBuildFile; fileRef = 2C812A21247E18C3000AC073 /* AddHabitViewController.swift */; };
		2C812A24247E18C3000AC073 /* AddHabitViewController.xib in Resources */ = {isa = PBXBuildFile; fileRef = 2C812A22247E18C3000AC073 /* AddHabitViewController.xib */; };
		2C812A27247E21AA000AC073 /* HabitImageCollectionViewCell.swift in Sources */ = {isa = PBXBuildFile; fileRef = 2C812A25247E21AA000AC073 /* HabitImageCollectionViewCell.swift */; };
		2C812A28247E21AA000AC073 /* HabitImageCollectionViewCell.xib in Resources */ = {isa = PBXBuildFile; fileRef = 2C812A26247E21AA000AC073 /* HabitImageCollectionViewCell.xib */; };
		2C812A2B247E28DA000AC073 /* ConfirmHabitViewController.swift in Sources */ = {isa = PBXBuildFile; fileRef = 2C812A29247E28DA000AC073 /* ConfirmHabitViewController.swift */; };
		2C812A2C247E28DA000AC073 /* ConfirmHabitViewController.xib in Resources */ = {isa = PBXBuildFile; fileRef = 2C812A2A247E28DA000AC073 /* ConfirmHabitViewController.xib */; };
		2C812A2F247E2BEB000AC073 /* HabitDetailViewController.swift in Sources */ = {isa = PBXBuildFile; fileRef = 2C812A2D247E2BEB000AC073 /* HabitDetailViewController.swift */; };
		2C812A32247E2C43000AC073 /* HabitDetailedViewController.xib in Resources */ = {isa = PBXBuildFile; fileRef = 2C812A31247E2C43000AC073 /* HabitDetailedViewController.xib */; };
		2CB81E98247CC804001822C1 /* AppDelegate.swift in Sources */ = {isa = PBXBuildFile; fileRef = 2CB81E97247CC804001822C1 /* AppDelegate.swift */; };
		2CB81E9A247CC804001822C1 /* SceneDelegate.swift in Sources */ = {isa = PBXBuildFile; fileRef = 2CB81E99247CC804001822C1 /* SceneDelegate.swift */; };
		2CB81EA1247CC806001822C1 /* Assets.xcassets in Resources */ = {isa = PBXBuildFile; fileRef = 2CB81EA0247CC806001822C1 /* Assets.xcassets */; };
		2CB81EA4247CC806001822C1 /* LaunchScreen.storyboard in Resources */ = {isa = PBXBuildFile; fileRef = 2CB81EA2247CC806001822C1 /* LaunchScreen.storyboard */; };
		2CB81EAE247CCB2C001822C1 /* UIViewControllerExtensions.swift in Sources */ = {isa = PBXBuildFile; fileRef = 2CB81EAD247CCB2C001822C1 /* UIViewControllerExtensions.swift */; };
		2CB81EB1247CCC9B001822C1 /* HabitsTableViewController.swift in Sources */ = {isa = PBXBuildFile; fileRef = 2CB81EAF247CCC9B001822C1 /* HabitsTableViewController.swift */; };
		2CB81EB2247CCC9B001822C1 /* HabitsTableViewController.xib in Resources */ = {isa = PBXBuildFile; fileRef = 2CB81EB0247CCC9B001822C1 /* HabitsTableViewController.xib */; };
		2CB81EB4247CCFEC001822C1 /* Habit.swift in Sources */ = {isa = PBXBuildFile; fileRef = 2CB81EB3247CCFEC001822C1 /* Habit.swift */; };
		2CB81EBD247CD407001822C1 /* DateExtensions.swift in Sources */ = {isa = PBXBuildFile; fileRef = 2CB81EBC247CD407001822C1 /* DateExtensions.swift */; };
		2CB81EC0247CD5FC001822C1 /* HabitTableViewCell.swift in Sources */ = {isa = PBXBuildFile; fileRef = 2CB81EBE247CD5FC001822C1 /* HabitTableViewCell.swift */; };
		2CB81EC1247CD5FC001822C1 /* HabitTableViewCell.xib in Resources */ = {isa = PBXBuildFile; fileRef = 2CB81EBF247CD5FC001822C1 /* HabitTableViewCell.xib */; };
		2CB81EC3247CDA11001822C1 /* PersistenceLayer.swift in Sources */ = {isa = PBXBuildFile; fileRef = 2CB81EC2247CDA11001822C1 /* PersistenceLayer.swift */; };
/* End PBXBuildFile section */

/* Begin PBXFileReference section */
		2C812A21247E18C3000AC073 /* AddHabitViewController.swift */ = {isa = PBXFileReference; lastKnownFileType = sourcecode.swift; path = AddHabitViewController.swift; sourceTree = "<group>"; };
		2C812A22247E18C3000AC073 /* AddHabitViewController.xib */ = {isa = PBXFileReference; lastKnownFileType = file.xib; path = AddHabitViewController.xib; sourceTree = "<group>"; };
		2C812A25247E21AA000AC073 /* HabitImageCollectionViewCell.swift */ = {isa = PBXFileReference; lastKnownFileType = sourcecode.swift; path = HabitImageCollectionViewCell.swift; sourceTree = "<group>"; };
		2C812A26247E21AA000AC073 /* HabitImageCollectionViewCell.xib */ = {isa = PBXFileReference; lastKnownFileType = file.xib; path = HabitImageCollectionViewCell.xib; sourceTree = "<group>"; };
		2C812A29247E28DA000AC073 /* ConfirmHabitViewController.swift */ = {isa = PBXFileReference; lastKnownFileType = sourcecode.swift; path = ConfirmHabitViewController.swift; sourceTree = "<group>"; };
		2C812A2A247E28DA000AC073 /* ConfirmHabitViewController.xib */ = {isa = PBXFileReference; lastKnownFileType = file.xib; path = ConfirmHabitViewController.xib; sourceTree = "<group>"; };
		2C812A2D247E2BEB000AC073 /* HabitDetailViewController.swift */ = {isa = PBXFileReference; lastKnownFileType = sourcecode.swift; path = HabitDetailViewController.swift; sourceTree = "<group>"; };
		2C812A31247E2C43000AC073 /* HabitDetailedViewController.xib */ = {isa = PBXFileReference; fileEncoding = 4; lastKnownFileType = file.xib; path = HabitDetailedViewController.xib; sourceTree = "<group>"; };
		2CB81E94247CC804001822C1 /* Habitual2.app */ = {isa = PBXFileReference; explicitFileType = wrapper.application; includeInIndex = 0; path = Habitual2.app; sourceTree = BUILT_PRODUCTS_DIR; };
		2CB81E97247CC804001822C1 /* AppDelegate.swift */ = {isa = PBXFileReference; lastKnownFileType = sourcecode.swift; path = AppDelegate.swift; sourceTree = "<group>"; };
		2CB81E99247CC804001822C1 /* SceneDelegate.swift */ = {isa = PBXFileReference; lastKnownFileType = sourcecode.swift; path = SceneDelegate.swift; sourceTree = "<group>"; };
		2CB81EA0247CC806001822C1 /* Assets.xcassets */ = {isa = PBXFileReference; lastKnownFileType = folder.assetcatalog; path = Assets.xcassets; sourceTree = "<group>"; };
		2CB81EA3247CC806001822C1 /* Base */ = {isa = PBXFileReference; lastKnownFileType = file.storyboard; name = Base; path = Base.lproj/LaunchScreen.storyboard; sourceTree = "<group>"; };
		2CB81EA5247CC806001822C1 /* Info.plist */ = {isa = PBXFileReference; lastKnownFileType = text.plist.xml; path = Info.plist; sourceTree = "<group>"; };
		2CB81EAD247CCB2C001822C1 /* UIViewControllerExtensions.swift */ = {isa = PBXFileReference; lastKnownFileType = sourcecode.swift; path = UIViewControllerExtensions.swift; sourceTree = "<group>"; };
		2CB81EAF247CCC9B001822C1 /* HabitsTableViewController.swift */ = {isa = PBXFileReference; lastKnownFileType = sourcecode.swift; path = HabitsTableViewController.swift; sourceTree = "<group>"; };
		2CB81EB0247CCC9B001822C1 /* HabitsTableViewController.xib */ = {isa = PBXFileReference; lastKnownFileType = file.xib; path = HabitsTableViewController.xib; sourceTree = "<group>"; };
		2CB81EB3247CCFEC001822C1 /* Habit.swift */ = {isa = PBXFileReference; lastKnownFileType = sourcecode.swift; path = Habit.swift; sourceTree = "<group>"; };
		2CB81EBC247CD407001822C1 /* DateExtensions.swift */ = {isa = PBXFileReference; lastKnownFileType = sourcecode.swift; path = DateExtensions.swift; sourceTree = "<group>"; };
		2CB81EBE247CD5FC001822C1 /* HabitTableViewCell.swift */ = {isa = PBXFileReference; lastKnownFileType = sourcecode.swift; path = HabitTableViewCell.swift; sourceTree = "<group>"; };
		2CB81EBF247CD5FC001822C1 /* HabitTableViewCell.xib */ = {isa = PBXFileReference; lastKnownFileType = file.xib; path = HabitTableViewCell.xib; sourceTree = "<group>"; };
		2CB81EC2247CDA11001822C1 /* PersistenceLayer.swift */ = {isa = PBXFileReference; lastKnownFileType = sourcecode.swift; path = PersistenceLayer.swift; sourceTree = "<group>"; };
/* End PBXFileReference section */

/* Begin PBXFrameworksBuildPhase section */
		2CB81E91247CC804001822C1 /* Frameworks */ = {
			isa = PBXFrameworksBuildPhase;
			buildActionMask = 2147483647;
			files = (
			);
			runOnlyForDeploymentPostprocessing = 0;
		};
/* End PBXFrameworksBuildPhase section */

/* Begin PBXGroup section */
		2CB81E8B247CC804001822C1 = {
			isa = PBXGroup;
			children = (
				2CB81E96247CC804001822C1 /* Habitual2 */,
				2CB81E95247CC804001822C1 /* Products */,
			);
			sourceTree = "<group>";
		};
		2CB81E95247CC804001822C1 /* Products */ = {
			isa = PBXGroup;
			children = (
				2CB81E94247CC804001822C1 /* Habitual2.app */,
			);
			name = Products;
			sourceTree = "<group>";
		};
		2CB81E96247CC804001822C1 /* Habitual2 */ = {
			isa = PBXGroup;
			children = (
				2CB81E97247CC804001822C1 /* AppDelegate.swift */,
				2CB81E99247CC804001822C1 /* SceneDelegate.swift */,
				2CCD1DED247E16AB004F5BA8 /* Persistance Layer */,
				2CB81EB9247CD333001822C1 /* Controller */,
				2CB81EB8247CD324001822C1 /* Model */,
				2CB81EBA247CD340001822C1 /* View */,
				2CB81EBB247CD3F2001822C1 /* Extensions */,
				2CB81EA0247CC806001822C1 /* Assets.xcassets */,
				2CB81EA2247CC806001822C1 /* LaunchScreen.storyboard */,
				2CB81EA5247CC806001822C1 /* Info.plist */,
			);
			path = Habitual2;
			sourceTree = "<group>";
		};
		2CB81EB8247CD324001822C1 /* Model */ = {
			isa = PBXGroup;
			children = (
				2CB81EB3247CCFEC001822C1 /* Habit.swift */,
			);
			path = Model;
			sourceTree = "<group>";
		};
		2CB81EB9247CD333001822C1 /* Controller */ = {
			isa = PBXGroup;
			children = (
				2CB81EAF247CCC9B001822C1 /* HabitsTableViewController.swift */,
				2C812A21247E18C3000AC073 /* AddHabitViewController.swift */,
				2C812A22247E18C3000AC073 /* AddHabitViewController.xib */,
			);
			path = Controller;
			sourceTree = "<group>";
		};
		2CB81EBA247CD340001822C1 /* View */ = {
			isa = PBXGroup;
			children = (
				2CB81EB0247CCC9B001822C1 /* HabitsTableViewController.xib */,
				2CB81EBE247CD5FC001822C1 /* HabitTableViewCell.swift */,
				2CB81EBF247CD5FC001822C1 /* HabitTableViewCell.xib */,
				2C812A25247E21AA000AC073 /* HabitImageCollectionViewCell.swift */,
				2C812A26247E21AA000AC073 /* HabitImageCollectionViewCell.xib */,
				2C812A29247E28DA000AC073 /* ConfirmHabitViewController.swift */,
				2C812A2A247E28DA000AC073 /* ConfirmHabitViewController.xib */,
				2C812A2D247E2BEB000AC073 /* HabitDetailViewController.swift */,
				2C812A31247E2C43000AC073 /* HabitDetailedViewController.xib */,
			);
			path = View;
			sourceTree = "<group>";
		};
		2CB81EBB247CD3F2001822C1 /* Extensions */ = {
			isa = PBXGroup;
			children = (
				2CB81EAD247CCB2C001822C1 /* UIViewControllerExtensions.swift */,
				2CB81EBC247CD407001822C1 /* DateExtensions.swift */,
			);
			path = Extensions;
			sourceTree = "<group>";
		};
		2CCD1DED247E16AB004F5BA8 /* Persistance Layer */ = {
			isa = PBXGroup;
			children = (
				2CB81EC2247CDA11001822C1 /* PersistenceLayer.swift */,
			);
			path = "Persistance Layer";
			sourceTree = "<group>";
		};
/* End PBXGroup section */

/* Begin PBXNativeTarget section */
		2CB81E93247CC804001822C1 /* Habitual2 */ = {
			isa = PBXNativeTarget;
			buildConfigurationList = 2CB81EA8247CC806001822C1 /* Build configuration list for PBXNativeTarget "Habitual2" */;
			buildPhases = (
				2CB81E90247CC804001822C1 /* Sources */,
				2CB81E91247CC804001822C1 /* Frameworks */,
				2CB81E92247CC804001822C1 /* Resources */,
			);
			buildRules = (
			);
			dependencies = (
			);
			name = Habitual2;
			productName = Habitual2;
			productReference = 2CB81E94247CC804001822C1 /* Habitual2.app */;
			productType = "com.apple.product-type.application";
		};
/* End PBXNativeTarget section */

/* Begin PBXProject section */
		2CB81E8C247CC804001822C1 /* Project object */ = {
			isa = PBXProject;
			attributes = {
				LastSwiftUpdateCheck = 1150;
				LastUpgradeCheck = 1150;
				ORGANIZATIONNAME = "Make School";
				TargetAttributes = {
					2CB81E93247CC804001822C1 = {
						CreatedOnToolsVersion = 11.5;
					};
				};
			};
			buildConfigurationList = 2CB81E8F247CC804001822C1 /* Build configuration list for PBXProject "Habitual2" */;
			compatibilityVersion = "Xcode 9.3";
			developmentRegion = en;
			hasScannedForEncodings = 0;
			knownRegions = (
				en,
				Base,
			);
			mainGroup = 2CB81E8B247CC804001822C1;
			productRefGroup = 2CB81E95247CC804001822C1 /* Products */;
			projectDirPath = "";
			projectRoot = "";
			targets = (
				2CB81E93247CC804001822C1 /* Habitual2 */,
			);
		};
/* End PBXProject section */

/* Begin PBXResourcesBuildPhase section */
		2CB81E92247CC804001822C1 /* Resources */ = {
			isa = PBXResourcesBuildPhase;
			buildActionMask = 2147483647;
			files = (
				2CB81EA4247CC806001822C1 /* LaunchScreen.storyboard in Resources */,
				2C812A24247E18C3000AC073 /* AddHabitViewController.xib in Resources */,
				2C812A2C247E28DA000AC073 /* ConfirmHabitViewController.xib in Resources */,
				2C812A32247E2C43000AC073 /* HabitDetailedViewController.xib in Resources */,
				2CB81EB2247CCC9B001822C1 /* HabitsTableViewController.xib in Resources */,
				2CB81EC1247CD5FC001822C1 /* HabitTableViewCell.xib in Resources */,
				2C812A28247E21AA000AC073 /* HabitImageCollectionViewCell.xib in Resources */,
				2CB81EA1247CC806001822C1 /* Assets.xcassets in Resources */,
			);
			runOnlyForDeploymentPostprocessing = 0;
		};
/* End PBXResourcesBuildPhase section */

/* Begin PBXSourcesBuildPhase section */
		2CB81E90247CC804001822C1 /* Sources */ = {
			isa = PBXSourcesBuildPhase;
			buildActionMask = 2147483647;
			files = (
				2C812A2F247E2BEB000AC073 /* HabitDetailViewController.swift in Sources */,
				2CB81EAE247CCB2C001822C1 /* UIViewControllerExtensions.swift in Sources */,
				2CB81EB4247CCFEC001822C1 /* Habit.swift in Sources */,
				2CB81E98247CC804001822C1 /* AppDelegate.swift in Sources */,
				2CB81EC3247CDA11001822C1 /* PersistenceLayer.swift in Sources */,
				2CB81E9A247CC804001822C1 /* SceneDelegate.swift in Sources */,
				2CB81EB1247CCC9B001822C1 /* HabitsTableViewController.swift in Sources */,
				2CB81EC0247CD5FC001822C1 /* HabitTableViewCell.swift in Sources */,
				2C812A27247E21AA000AC073 /* HabitImageCollectionViewCell.swift in Sources */,
				2C812A23247E18C3000AC073 /* AddHabitViewController.swift in Sources */,
				2C812A2B247E28DA000AC073 /* ConfirmHabitViewController.swift in Sources */,
				2CB81EBD247CD407001822C1 /* DateExtensions.swift in Sources */,
			);
			runOnlyForDeploymentPostprocessing = 0;
		};
/* End PBXSourcesBuildPhase section */

/* Begin PBXVariantGroup section */
		2CB81EA2247CC806001822C1 /* LaunchScreen.storyboard */ = {
			isa = PBXVariantGroup;
			children = (
				2CB81EA3247CC806001822C1 /* Base */,
			);
			name = LaunchScreen.storyboard;
			sourceTree = "<group>";
		};
/* End PBXVariantGroup section */

/* Begin XCBuildConfiguration section */
		2CB81EA6247CC806001822C1 /* Debug */ = {
			isa = XCBuildConfiguration;
			buildSettings = {
				ALWAYS_SEARCH_USER_PATHS = NO;
				CLANG_ANALYZER_NONNULL = YES;
				CLANG_ANALYZER_NUMBER_OBJECT_CONVERSION = YES_AGGRESSIVE;
				CLANG_CXX_LANGUAGE_STANDARD = "gnu++14";
				CLANG_CXX_LIBRARY = "libc++";
				CLANG_ENABLE_MODULES = YES;
				CLANG_ENABLE_OBJC_ARC = YES;
				CLANG_ENABLE_OBJC_WEAK = YES;
				CLANG_WARN_BLOCK_CAPTURE_AUTORELEASING = YES;
				CLANG_WARN_BOOL_CONVERSION = YES;
				CLANG_WARN_COMMA = YES;
				CLANG_WARN_CONSTANT_CONVERSION = YES;
				CLANG_WARN_DEPRECATED_OBJC_IMPLEMENTATIONS = YES;
				CLANG_WARN_DIRECT_OBJC_ISA_USAGE = YES_ERROR;
				CLANG_WARN_DOCUMENTATION_COMMENTS = YES;
				CLANG_WARN_EMPTY_BODY = YES;
				CLANG_WARN_ENUM_CONVERSION = YES;
				CLANG_WARN_INFINITE_RECURSION = YES;
				CLANG_WARN_INT_CONVERSION = YES;
				CLANG_WARN_NON_LITERAL_NULL_CONVERSION = YES;
				CLANG_WARN_OBJC_IMPLICIT_RETAIN_SELF = YES;
				CLANG_WARN_OBJC_LITERAL_CONVERSION = YES;
				CLANG_WARN_OBJC_ROOT_CLASS = YES_ERROR;
				CLANG_WARN_RANGE_LOOP_ANALYSIS = YES;
				CLANG_WARN_STRICT_PROTOTYPES = YES;
				CLANG_WARN_SUSPICIOUS_MOVE = YES;
				CLANG_WARN_UNGUARDED_AVAILABILITY = YES_AGGRESSIVE;
				CLANG_WARN_UNREACHABLE_CODE = YES;
				CLANG_WARN__DUPLICATE_METHOD_MATCH = YES;
				COPY_PHASE_STRIP = NO;
				DEBUG_INFORMATION_FORMAT = dwarf;
				ENABLE_STRICT_OBJC_MSGSEND = YES;
				ENABLE_TESTABILITY = YES;
				GCC_C_LANGUAGE_STANDARD = gnu11;
				GCC_DYNAMIC_NO_PIC = NO;
				GCC_NO_COMMON_BLOCKS = YES;
				GCC_OPTIMIZATION_LEVEL = 0;
				GCC_PREPROCESSOR_DEFINITIONS = (
					"DEBUG=1",
					"$(inherited)",
				);
				GCC_WARN_64_TO_32_BIT_CONVERSION = YES;
				GCC_WARN_ABOUT_RETURN_TYPE = YES_ERROR;
				GCC_WARN_UNDECLARED_SELECTOR = YES;
				GCC_WARN_UNINITIALIZED_AUTOS = YES_AGGRESSIVE;
				GCC_WARN_UNUSED_FUNCTION = YES;
				GCC_WARN_UNUSED_VARIABLE = YES;
				IPHONEOS_DEPLOYMENT_TARGET = 13.5;
				MTL_ENABLE_DEBUG_INFO = INCLUDE_SOURCE;
				MTL_FAST_MATH = YES;
				ONLY_ACTIVE_ARCH = YES;
				SDKROOT = iphoneos;
				SWIFT_ACTIVE_COMPILATION_CONDITIONS = DEBUG;
				SWIFT_OPTIMIZATION_LEVEL = "-Onone";
			};
			name = Debug;
		};
		2CB81EA7247CC806001822C1 /* Release */ = {
			isa = XCBuildConfiguration;
			buildSettings = {
				ALWAYS_SEARCH_USER_PATHS = NO;
				CLANG_ANALYZER_NONNULL = YES;
				CLANG_ANALYZER_NUMBER_OBJECT_CONVERSION = YES_AGGRESSIVE;
				CLANG_CXX_LANGUAGE_STANDARD = "gnu++14";
				CLANG_CXX_LIBRARY = "libc++";
				CLANG_ENABLE_MODULES = YES;
				CLANG_ENABLE_OBJC_ARC = YES;
				CLANG_ENABLE_OBJC_WEAK = YES;
				CLANG_WARN_BLOCK_CAPTURE_AUTORELEASING = YES;
				CLANG_WARN_BOOL_CONVERSION = YES;
				CLANG_WARN_COMMA = YES;
				CLANG_WARN_CONSTANT_CONVERSION = YES;
				CLANG_WARN_DEPRECATED_OBJC_IMPLEMENTATIONS = YES;
				CLANG_WARN_DIRECT_OBJC_ISA_USAGE = YES_ERROR;
				CLANG_WARN_DOCUMENTATION_COMMENTS = YES;
				CLANG_WARN_EMPTY_BODY = YES;
				CLANG_WARN_ENUM_CONVERSION = YES;
				CLANG_WARN_INFINITE_RECURSION = YES;
				CLANG_WARN_INT_CONVERSION = YES;
				CLANG_WARN_NON_LITERAL_NULL_CONVERSION = YES;
				CLANG_WARN_OBJC_IMPLICIT_RETAIN_SELF = YES;
				CLANG_WARN_OBJC_LITERAL_CONVERSION = YES;
				CLANG_WARN_OBJC_ROOT_CLASS = YES_ERROR;
				CLANG_WARN_RANGE_LOOP_ANALYSIS = YES;
				CLANG_WARN_STRICT_PROTOTYPES = YES;
				CLANG_WARN_SUSPICIOUS_MOVE = YES;
				CLANG_WARN_UNGUARDED_AVAILABILITY = YES_AGGRESSIVE;
				CLANG_WARN_UNREACHABLE_CODE = YES;
				CLANG_WARN__DUPLICATE_METHOD_MATCH = YES;
				COPY_PHASE_STRIP = NO;
				DEBUG_INFORMATION_FORMAT = "dwarf-with-dsym";
				ENABLE_NS_ASSERTIONS = NO;
				ENABLE_STRICT_OBJC_MSGSEND = YES;
				GCC_C_LANGUAGE_STANDARD = gnu11;
				GCC_NO_COMMON_BLOCKS = YES;
				GCC_WARN_64_TO_32_BIT_CONVERSION = YES;
				GCC_WARN_ABOUT_RETURN_TYPE = YES_ERROR;
				GCC_WARN_UNDECLARED_SELECTOR = YES;
				GCC_WARN_UNINITIALIZED_AUTOS = YES_AGGRESSIVE;
				GCC_WARN_UNUSED_FUNCTION = YES;
				GCC_WARN_UNUSED_VARIABLE = YES;
				IPHONEOS_DEPLOYMENT_TARGET = 13.5;
				MTL_ENABLE_DEBUG_INFO = NO;
				MTL_FAST_MATH = YES;
				SDKROOT = iphoneos;
				SWIFT_COMPILATION_MODE = wholemodule;
				SWIFT_OPTIMIZATION_LEVEL = "-O";
				VALIDATE_PRODUCT = YES;
			};
			name = Release;
		};
		2CB81EA9247CC806001822C1 /* Debug */ = {
			isa = XCBuildConfiguration;
			buildSettings = {
				ASSETCATALOG_COMPILER_APPICON_NAME = AppIcon;
				CODE_SIGN_STYLE = Automatic;
				INFOPLIST_FILE = Habitual2/Info.plist;
				LD_RUNPATH_SEARCH_PATHS = (
					"$(inherited)",
					"@executable_path/Frameworks",
				);
				PRODUCT_BUNDLE_IDENTIFIER = com.makeschool.Habitual2;
				PRODUCT_NAME = "$(TARGET_NAME)";
				SWIFT_VERSION = 5.0;
				TARGETED_DEVICE_FAMILY = "1,2";
			};
			name = Debug;
		};
		2CB81EAA247CC806001822C1 /* Release */ = {
			isa = XCBuildConfiguration;
			buildSettings = {
				ASSETCATALOG_COMPILER_APPICON_NAME = AppIcon;
				CODE_SIGN_STYLE = Automatic;
				INFOPLIST_FILE = Habitual2/Info.plist;
				LD_RUNPATH_SEARCH_PATHS = (
					"$(inherited)",
					"@executable_path/Frameworks",
				);
				PRODUCT_BUNDLE_IDENTIFIER = com.makeschool.Habitual2;
				PRODUCT_NAME = "$(TARGET_NAME)";
				SWIFT_VERSION = 5.0;
				TARGETED_DEVICE_FAMILY = "1,2";
			};
			name = Release;
		};
/* End XCBuildConfiguration section */

/* Begin XCConfigurationList section */
		2CB81E8F247CC804001822C1 /* Build configuration list for PBXProject "Habitual2" */ = {
			isa = XCConfigurationList;
			buildConfigurations = (
				2CB81EA6247CC806001822C1 /* Debug */,
				2CB81EA7247CC806001822C1 /* Release */,
			);
			defaultConfigurationIsVisible = 0;
			defaultConfigurationName = Release;
		};
		2CB81EA8247CC806001822C1 /* Build configuration list for PBXNativeTarget "Habitual2" */ = {
			isa = XCConfigurationList;
			buildConfigurations = (
				2CB81EA9247CC806001822C1 /* Debug */,
				2CB81EAA247CC806001822C1 /* Release */,
			);
			defaultConfigurationIsVisible = 0;
			defaultConfigurationName = Release;
		};
/* End XCConfigurationList section */
	};
	rootObject = 2CB81E8C247CC804001822C1 /* Project object */;
}
